
Microsoft Visual Studio Solution File, Format Version 12.00
# Visual Studio Version 17
VisualStudioVersion = 17.2.32516.85
MinimumVisualStudioVersion = 10.0.40219.1
Project("{FAE04EC0-301F-11D3-BF4B-00C04F79EFBC}") = "RomanNumeral", "RomanNumeral\RomanNumeral.csproj", "{4FC2CD95-80AA-4B15-A0F0-5A17B5B03B82}"
EndProject
Global
	GlobalSection(SolutionConfigurationPlatforms) = preSolution
		Debug|Any CPU = Debug|Any CPU
		Release|Any CPU = Release|Any CPU
	EndGlobalSection
	GlobalSection(ProjectConfigurationPlatforms) = postSolution
		{4FC2CD95-80AA-4B15-A0F0-5A17B5B03B82}.Debug|Any CPU.ActiveCfg = Debug|Any CPU
		{4FC2CD95-80AA-4B15-A0F0-5A17B5B03B82}.Debug|Any CPU.Build.0 = Debug|Any CPU
		{4FC2CD95-80AA-4B15-A0F0-5A17B5B03B82}.Release|Any CPU.ActiveCfg = Release|Any CPU
		{4FC2CD95-80AA-4B15-A0F0-5A17B5B03B82}.Release|Any CPU.Build.0 = Release|Any CPU
	EndGlobalSection
	GlobalSection(SolutionProperties) = preSolution
		HideSolutionNode = FALSE
	EndGlobalSection
	GlobalSection(ExtensibilityGlobals) = postSolution
		SolutionGuid = {F3344A9A-586E-4326-BAD0-55D9A9828FF0}
	EndGlobalSection
EndGlobal
